// !$*UTF8*$!
{
	archiveVersion = 1;
	classes = {
	};
	objectVersion = 77;
	objects = {

/* Begin PBXContainerItemProxy section */
		45F40A412DAB7B9200AB8310 /* PBXContainerItemProxy */ = {
			isa = PBXContainerItemProxy;
			containerPortal = 45F40A2B2DAB7B9100AB8310 /* Project object */;
			proxyType = 1;
			remoteGlobalIDString = 45F40A322DAB7B9100AB8310;
			remoteInfo = reptitrack_app;
		};
		45F40A4B2DAB7B9200AB8310 /* PBXContainerItemProxy */ = {
			isa = PBXContainerItemProxy;
			containerPortal = 45F40A2B2DAB7B9100AB8310 /* Project object */;
			proxyType = 1;
			remoteGlobalIDString = 45F40A322DAB7B9100AB8310;
			remoteInfo = reptitrack_app;
		};
/* End PBXContainerItemProxy section */

/* Begin PBXFileReference section */
		45F40A332DAB7B9100AB8310 /* reptitrack_app.app */ = {isa = PBXFileReference; explicitFileType = wrapper.application; includeInIndex = 0; path = reptitrack_app.app; sourceTree = BUILT_PRODUCTS_DIR; };
		45F40A402DAB7B9200AB8310 /* reptitrack_appTests.xctest */ = {isa = PBXFileReference; explicitFileType = wrapper.cfbundle; includeInIndex = 0; path = reptitrack_appTests.xctest; sourceTree = BUILT_PRODUCTS_DIR; };
		45F40A4A2DAB7B9200AB8310 /* reptitrack_appUITests.xctest */ = {isa = PBXFileReference; explicitFileType = wrapper.cfbundle; includeInIndex = 0; path = reptitrack_appUITests.xctest; sourceTree = BUILT_PRODUCTS_DIR; };
/* End PBXFileReference section */

/* Begin PBXFileSystemSynchronizedRootGroup section */
		45F40A352DAB7B9100AB8310 /* reptitrack_app */ = {
			isa = PBXFileSystemSynchronizedRootGroup;
			path = reptitrack_app;
			sourceTree = "<group>";
		};
		45F40A432DAB7B9200AB8310 /* reptitrack_appTests */ = {
			isa = PBXFileSystemSynchronizedRootGroup;
			path = reptitrack_appTests;
			sourceTree = "<group>";
		};
		45F40A4D2DAB7B9200AB8310 /* reptitrack_appUITests */ = {
			isa = PBXFileSystemSynchronizedRootGroup;
			path = reptitrack_appUITests;
			sourceTree = "<group>";
		};
/* End PBXFileSystemSynchronizedRootGroup section */

/* Begin PBXFrameworksBuildPhase section */
		45F40A302DAB7B9100AB8310 /* Frameworks */ = {
			isa = PBXFrameworksBuildPhase;
			buildActionMask = 2147483647;
			files = (
			);
			runOnlyForDeploymentPostprocessing = 0;
		};
		45F40A3D2DAB7B9200AB8310 /* Frameworks */ = {
			isa = PBXFrameworksBuildPhase;
			buildActionMask = 2147483647;
			files = (
			);
			runOnlyForDeploymentPostprocessing = 0;
		};
		45F40A472DAB7B9200AB8310 /* Frameworks */ = {
			isa = PBXFrameworksBuildPhase;
			buildActionMask = 2147483647;
			files = (
			);
			runOnlyForDeploymentPostprocessing = 0;
		};
/* End PBXFrameworksBuildPhase section */

/* Begin PBXGroup section */
		45F40A2A2DAB7B9100AB8310 = {
			isa = PBXGroup;
			children = (
				45F40A352DAB7B9100AB8310 /* reptitrack_app */,
				45F40A432DAB7B9200AB8310 /* reptitrack_appTests */,
				45F40A4D2DAB7B9200AB8310 /* reptitrack_appUITests */,
				45F40A342DAB7B9100AB8310 /* Products */,
			);
			sourceTree = "<group>";
		};
		45F40A342DAB7B9100AB8310 /* Products */ = {
			isa = PBXGroup;
			children = (
				45F40A332DAB7B9100AB8310 /* reptitrack_app.app */,
				45F40A402DAB7B9200AB8310 /* reptitrack_appTests.xctest */,
				45F40A4A2DAB7B9200AB8310 /* reptitrack_appUITests.xctest */,
			);
			name = Products;
			sourceTree = "<group>";
		};
/* End PBXGroup section */

/* Begin PBXNativeTarget section */
		45F40A322DAB7B9100AB8310 /* reptitrack_app */ = {
			isa = PBXNativeTarget;
			buildConfigurationList = 45F40A542DAB7B9200AB8310 /* Build configuration list for PBXNativeTarget "reptitrack_app" */;
			buildPhases = (
				45F40A2F2DAB7B9100AB8310 /* Sources */,
				45F40A302DAB7B9100AB8310 /* Frameworks */,
				45F40A312DAB7B9100AB8310 /* Resources */,
			);
			buildRules = (
			);
			dependencies = (
			);
			fileSystemSynchronizedGroups = (
				45F40A352DAB7B9100AB8310 /* reptitrack_app */,
			);
			name = reptitrack_app;
			packageProductDependencies = (
			);
			productName = reptitrack_app;
			productReference = 45F40A332DAB7B9100AB8310 /* reptitrack_app.app */;
			productType = "com.apple.product-type.application";
		};
		45F40A3F2DAB7B9200AB8310 /* reptitrack_appTests */ = {
			isa = PBXNativeTarget;
			buildConfigurationList = 45F40A572DAB7B9200AB8310 /* Build configuration list for PBXNativeTarget "reptitrack_appTests" */;
			buildPhases = (
				45F40A3C2DAB7B9200AB8310 /* Sources */,
				45F40A3D2DAB7B9200AB8310 /* Frameworks */,
				45F40A3E2DAB7B9200AB8310 /* Resources */,
			);
			buildRules = (
			);
			dependencies = (
				45F40A422DAB7B9200AB8310 /* PBXTargetDependency */,
			);
			fileSystemSynchronizedGroups = (
				45F40A432DAB7B9200AB8310 /* reptitrack_appTests */,
			);
			name = reptitrack_appTests;
			packageProductDependencies = (
			);
			productName = reptitrack_appTests;
			productReference = 45F40A402DAB7B9200AB8310 /* reptitrack_appTests.xctest */;
			productType = "com.apple.product-type.bundle.unit-test";
		};
		45F40A492DAB7B9200AB8310 /* reptitrack_appUITests */ = {
			isa = PBXNativeTarget;
			buildConfigurationList = 45F40A5A2DAB7B9200AB8310 /* Build configuration list for PBXNativeTarget "reptitrack_appUITests" */;
			buildPhases = (
				45F40A462DAB7B9200AB8310 /* Sources */,
				45F40A472DAB7B9200AB8310 /* Frameworks */,
				45F40A482DAB7B9200AB8310 /* Resources */,
			);
			buildRules = (
			);
			dependencies = (
				45F40A4C2DAB7B9200AB8310 /* PBXTargetDependency */,
			);
			fileSystemSynchronizedGroups = (
				45F40A4D2DAB7B9200AB8310 /* reptitrack_appUITests */,
			);
			name = reptitrack_appUITests;
			packageProductDependencies = (
			);
			productName = reptitrack_appUITests;
			productReference = 45F40A4A2DAB7B9200AB8310 /* reptitrack_appUITests.xctest */;
			productType = "com.apple.product-type.bundle.ui-testing";
		};
/* End PBXNativeTarget section */

/* Begin PBXProject section */
		45F40A2B2DAB7B9100AB8310 /* Project object */ = {
			isa = PBXProject;
			attributes = {
				BuildIndependentTargetsInParallel = 1;
				LastSwiftUpdateCheck = 1630;
				LastUpgradeCheck = 1630;
				TargetAttributes = {
					45F40A322DAB7B9100AB8310 = {
						CreatedOnToolsVersion = 16.3;
					};
					45F40A3F2DAB7B9200AB8310 = {
						CreatedOnToolsVersion = 16.3;
						TestTargetID = 45F40A322DAB7B9100AB8310;
					};
					45F40A492DAB7B9200AB8310 = {
						CreatedOnToolsVersion = 16.3;
						TestTargetID = 45F40A322DAB7B9100AB8310;
					};
				};
			};
			buildConfigurationList = 45F40A2E2DAB7B9100AB8310 /* Build configuration list for PBXProject "reptitrack_app" */;
			developmentRegion = en;
			hasScannedForEncodings = 0;
			knownRegions = (
				en,
				Base,
			);
			mainGroup = 45F40A2A2DAB7B9100AB8310;
			minimizedProjectReferenceProxies = 1;
			preferredProjectObjectVersion = 77;
			productRefGroup = 45F40A342DAB7B9100AB8310 /* Products */;
			projectDirPath = "";
			projectRoot = "";
			targets = (
				45F40A322DAB7B9100AB8310 /* reptitrack_app */,
				45F40A3F2DAB7B9200AB8310 /* reptitrack_appTests */,
				45F40A492DAB7B9200AB8310 /* reptitrack_appUITests */,
			);
		};
/* End PBXProject section */

/* Begin PBXResourcesBuildPhase section */
		45F40A312DAB7B9100AB8310 /* Resources */ = {
			isa = PBXResourcesBuildPhase;
			buildActionMask = 2147483647;
			files = (
			);
			runOnlyForDeploymentPostprocessing = 0;
		};
		45F40A3E2DAB7B9200AB8310 /* Resources */ = {
			isa = PBXResourcesBuildPhase;
			buildActionMask = 2147483647;
			files = (
			);
			runOnlyForDeploymentPostprocessing = 0;
		};
		45F40A482DAB7B9200AB8310 /* Resources */ = {
			isa = PBXResourcesBuildPhase;
			buildActionMask = 2147483647;
			files = (
			);
			runOnlyForDeploymentPostprocessing = 0;
		};
/* End PBXResourcesBuildPhase section */

/* Begin PBXSourcesBuildPhase section */
		45F40A2F2DAB7B9100AB8310 /* Sources */ = {
			isa = PBXSourcesBuildPhase;
			buildActionMask = 2147483647;
			files = (
			);
			runOnlyForDeploymentPostprocessing = 0;
		};
		45F40A3C2DAB7B9200AB8310 /* Sources */ = {
			isa = PBXSourcesBuildPhase;
			buildActionMask = 2147483647;
			files = (
			);
			runOnlyForDeploymentPostprocessing = 0;
		};
		45F40A462DAB7B9200AB8310 /* Sources */ = {
			isa = PBXSourcesBuildPhase;
			buildActionMask = 2147483647;
			files = (
			);
			runOnlyForDeploymentPostprocessing = 0;
		};
/* End PBXSourcesBuildPhase section */

/* Begin PBXTargetDependency section */
		45F40A422DAB7B9200AB8310 /* PBXTargetDependency */ = {
			isa = PBXTargetDependency;
			target = 45F40A322DAB7B9100AB8310 /* reptitrack_app */;
			targetProxy = 45F40A412DAB7B9200AB8310 /* PBXContainerItemProxy */;
		};
		45F40A4C2DAB7B9200AB8310 /* PBXTargetDependency */ = {
			isa = PBXTargetDependency;
			target = 45F40A322DAB7B9100AB8310 /* reptitrack_app */;
			targetProxy = 45F40A4B2DAB7B9200AB8310 /* PBXContainerItemProxy */;
		};
/* End PBXTargetDependency section */

/* Begin XCBuildConfiguration section */
		45F40A522DAB7B9200AB8310 /* Debug */ = {
			isa = XCBuildConfiguration;
			buildSettings = {
				ALWAYS_SEARCH_USER_PATHS = NO;
				ASSETCATALOG_COMPILER_GENERATE_SWIFT_ASSET_SYMBOL_EXTENSIONS = YES;
				CLANG_ANALYZER_NONNULL = YES;
				CLANG_ANALYZER_NUMBER_OBJECT_CONVERSION = YES_AGGRESSIVE;
				CLANG_CXX_LANGUAGE_STANDARD = "gnu++20";
				CLANG_ENABLE_MODULES = YES;
				CLANG_ENABLE_OBJC_ARC = YES;
				CLANG_ENABLE_OBJC_WEAK = YES;
				CLANG_WARN_BLOCK_CAPTURE_AUTORELEASING = YES;
				CLANG_WARN_BOOL_CONVERSION = YES;
				CLANG_WARN_COMMA = YES;
				CLANG_WARN_CONSTANT_CONVERSION = YES;
				CLANG_WARN_DEPRECATED_OBJC_IMPLEMENTATIONS = YES;
				CLANG_WARN_DIRECT_OBJC_ISA_USAGE = YES_ERROR;
				CLANG_WARN_DOCUMENTATION_COMMENTS = YES;
				CLANG_WARN_EMPTY_BODY = YES;
				CLANG_WARN_ENUM_CONVERSION = YES;
				CLANG_WARN_INFINITE_RECURSION = YES;
				CLANG_WARN_INT_CONVERSION = YES;
				CLANG_WARN_NON_LITERAL_NULL_CONVERSION = YES;
				CLANG_WARN_OBJC_IMPLICIT_RETAIN_SELF = YES;
				CLANG_WARN_OBJC_LITERAL_CONVERSION = YES;
				CLANG_WARN_OBJC_ROOT_CLASS = YES_ERROR;
				CLANG_WARN_QUOTED_INCLUDE_IN_FRAMEWORK_HEADER = YES;
				CLANG_WARN_RANGE_LOOP_ANALYSIS = YES;
				CLANG_WARN_STRICT_PROTOTYPES = YES;
				CLANG_WARN_SUSPICIOUS_MOVE = YES;
				CLANG_WARN_UNGUARDED_AVAILABILITY = YES_AGGRESSIVE;
				CLANG_WARN_UNREACHABLE_CODE = YES;
				CLANG_WARN__DUPLICATE_METHOD_MATCH = YES;
				COPY_PHASE_STRIP = NO;
				DEBUG_INFORMATION_FORMAT = dwarf;
				DEVELOPMENT_TEAM = W4M36TD2NS;
				ENABLE_STRICT_OBJC_MSGSEND = YES;
				ENABLE_TESTABILITY = YES;
				ENABLE_USER_SCRIPT_SANDBOXING = YES;
				GCC_C_LANGUAGE_STANDARD = gnu17;
				GCC_DYNAMIC_NO_PIC = NO;
				GCC_NO_COMMON_BLOCKS = YES;
				GCC_OPTIMIZATION_LEVEL = 0;
				GCC_PREPROCESSOR_DEFINITIONS = (
					"DEBUG=1",
					"$(inherited)",
				);
				GCC_WARN_64_TO_32_BIT_CONVERSION = YES;
				GCC_WARN_ABOUT_RETURN_TYPE = YES_ERROR;
				GCC_WARN_UNDECLARED_SELECTOR = YES;
				GCC_WARN_UNINITIALIZED_AUTOS = YES_AGGRESSIVE;
				GCC_WARN_UNUSED_FUNCTION = YES;
				GCC_WARN_UNUSED_VARIABLE = YES;
				IPHONEOS_DEPLOYMENT_TARGET = 18.4;
				LOCALIZATION_PREFERS_STRING_CATALOGS = YES;
				MTL_ENABLE_DEBUG_INFO = INCLUDE_SOURCE;
				MTL_FAST_MATH = YES;
				ONLY_ACTIVE_ARCH = YES;
				SDKROOT = iphoneos;
				SWIFT_ACTIVE_COMPILATION_CONDITIONS = "DEBUG $(inherited)";
				SWIFT_OPTIMIZATION_LEVEL = "-Onone";
			};
			name = Debug;
		};
		45F40A532DAB7B9200AB8310 /* Release */ = {
			isa = XCBuildConfiguration;
			buildSettings = {
				ALWAYS_SEARCH_USER_PATHS = NO;
				ASSETCATALOG_COMPILER_GENERATE_SWIFT_ASSET_SYMBOL_EXTENSIONS = YES;
				CLANG_ANALYZER_NONNULL = YES;
				CLANG_ANALYZER_NUMBER_OBJECT_CONVERSION = YES_AGGRESSIVE;
				CLANG_CXX_LANGUAGE_STANDARD = "gnu++20";
				CLANG_ENABLE_MODULES = YES;
				CLANG_ENABLE_OBJC_ARC = YES;
				CLANG_ENABLE_OBJC_WEAK = YES;
				CLANG_WARN_BLOCK_CAPTURE_AUTORELEASING = YES;
				CLANG_WARN_BOOL_CONVERSION = YES;
				CLANG_WARN_COMMA = YES;
				CLANG_WARN_CONSTANT_CONVERSION = YES;
				CLANG_WARN_DEPRECATED_OBJC_IMPLEMENTATIONS = YES;
				CLANG_WARN_DIRECT_OBJC_ISA_USAGE = YES_ERROR;
				CLANG_WARN_DOCUMENTATION_COMMENTS = YES;
				CLANG_WARN_EMPTY_BODY = YES;
				CLANG_WARN_ENUM_CONVERSION = YES;
				CLANG_WARN_INFINITE_RECURSION = YES;
				CLANG_WARN_INT_CONVERSION = YES;
				CLANG_WARN_NON_LITERAL_NULL_CONVERSION = YES;
				CLANG_WARN_OBJC_IMPLICIT_RETAIN_SELF = YES;
				CLANG_WARN_OBJC_LITERAL_CONVERSION = YES;
				CLANG_WARN_OBJC_ROOT_CLASS = YES_ERROR;
				CLANG_WARN_QUOTED_INCLUDE_IN_FRAMEWORK_HEADER = YES;
				CLANG_WARN_RANGE_LOOP_ANALYSIS = YES;
				CLANG_WARN_STRICT_PROTOTYPES = YES;
				CLANG_WARN_SUSPICIOUS_MOVE = YES;
				CLANG_WARN_UNGUARDED_AVAILABILITY = YES_AGGRESSIVE;
				CLANG_WARN_UNREACHABLE_CODE = YES;
				CLANG_WARN__DUPLICATE_METHOD_MATCH = YES;
				COPY_PHASE_STRIP = NO;
				DEBUG_INFORMATION_FORMAT = "dwarf-with-dsym";
				DEVELOPMENT_TEAM = W4M36TD2NS;
				ENABLE_NS_ASSERTIONS = NO;
				ENABLE_STRICT_OBJC_MSGSEND = YES;
				ENABLE_USER_SCRIPT_SANDBOXING = YES;
				GCC_C_LANGUAGE_STANDARD = gnu17;
				GCC_NO_COMMON_BLOCKS = YES;
				GCC_WARN_64_TO_32_BIT_CONVERSION = YES;
				GCC_WARN_ABOUT_RETURN_TYPE = YES_ERROR;
				GCC_WARN_UNDECLARED_SELECTOR = YES;
				GCC_WARN_UNINITIALIZED_AUTOS = YES_AGGRESSIVE;
				GCC_WARN_UNUSED_FUNCTION = YES;
				GCC_WARN_UNUSED_VARIABLE = YES;
				IPHONEOS_DEPLOYMENT_TARGET = 18.4;
				LOCALIZATION_PREFERS_STRING_CATALOGS = YES;
				MTL_ENABLE_DEBUG_INFO = NO;
				MTL_FAST_MATH = YES;
				SDKROOT = iphoneos;
				SWIFT_COMPILATION_MODE = wholemodule;
				VALIDATE_PRODUCT = YES;
			};
			name = Release;
		};
		45F40A552DAB7B9200AB8310 /* Debug */ = {
			isa = XCBuildConfiguration;
			buildSettings = {
				ASSETCATALOG_COMPILER_APPICON_NAME = AppIcon;
				ASSETCATALOG_COMPILER_GLOBAL_ACCENT_COLOR_NAME = AccentColor;
				CODE_SIGN_STYLE = Automatic;
				CURRENT_PROJECT_VERSION = 1;
				DEVELOPMENT_TEAM = W4M36TD2NS;
				ENABLE_PREVIEWS = YES;
				GENERATE_INFOPLIST_FILE = YES;
				INFOPLIST_KEY_UIApplicationSceneManifest_Generation = YES;
				INFOPLIST_KEY_UIApplicationSupportsIndirectInputEvents = YES;
				INFOPLIST_KEY_UILaunchScreen_Generation = YES;
				INFOPLIST_KEY_UISupportedInterfaceOrientations_iPad = "UIInterfaceOrientationPortrait UIInterfaceOrientationPortraitUpsideDown UIInterfaceOrientationLandscapeLeft UIInterfaceOrientationLandscapeRight";
				INFOPLIST_KEY_UISupportedInterfaceOrientations_iPhone = "UIInterfaceOrientationPortrait UIInterfaceOrientationLandscapeLeft UIInterfaceOrientationLandscapeRight";
				LD_RUNPATH_SEARCH_PATHS = (
					"$(inherited)",
					"@executable_path/Frameworks",
				);
				MARKETING_VERSION = 1.0;
				PRODUCT_BUNDLE_IDENTIFIER = "yukina.reptitrack-app";
				PRODUCT_NAME = "$(TARGET_NAME)";
				SWIFT_EMIT_LOC_STRINGS = YES;
				SWIFT_VERSION = 5.0;
				TARGETED_DEVICE_FAMILY = "1,2";
			};
			name = Debug;
		};
		45F40A562DAB7B9200AB8310 /* Release */ = {
			isa = XCBuildConfiguration;
			buildSettings = {
				ASSETCATALOG_COMPILER_APPICON_NAME = AppIcon;
				ASSETCATALOG_COMPILER_GLOBAL_ACCENT_COLOR_NAME = AccentColor;
				CODE_SIGN_STYLE = Automatic;
				CURRENT_PROJECT_VERSION = 1;
				DEVELOPMENT_TEAM = W4M36TD2NS;
				ENABLE_PREVIEWS = YES;
				GENERATE_INFOPLIST_FILE = YES;
				INFOPLIST_KEY_UIApplicationSceneManifest_Generation = YES;
				INFOPLIST_KEY_UIApplicationSupportsIndirectInputEvents = YES;
				INFOPLIST_KEY_UILaunchScreen_Generation = YES;
				INFOPLIST_KEY_UISupportedInterfaceOrientations_iPad = "UIInterfaceOrientationPortrait UIInterfaceOrientationPortraitUpsideDown UIInterfaceOrientationLandscapeLeft UIInterfaceOrientationLandscapeRight";
				INFOPLIST_KEY_UISupportedInterfaceOrientations_iPhone = "UIInterfaceOrientationPortrait UIInterfaceOrientationLandscapeLeft UIInterfaceOrientationLandscapeRight";
				LD_RUNPATH_SEARCH_PATHS = (
					"$(inherited)",
					"@executable_path/Frameworks",
				);
				MARKETING_VERSION = 1.0;
				PRODUCT_BUNDLE_IDENTIFIER = "yukina.reptitrack-app";
				PRODUCT_NAME = "$(TARGET_NAME)";
				SWIFT_EMIT_LOC_STRINGS = YES;
				SWIFT_VERSION = 5.0;
				TARGETED_DEVICE_FAMILY = "1,2";
			};
			name = Release;
		};
		45F40A582DAB7B9200AB8310 /* Debug */ = {
			isa = XCBuildConfiguration;
			buildSettings = {
				BUNDLE_LOADER = "$(TEST_HOST)";
				CODE_SIGN_STYLE = Automatic;
				CURRENT_PROJECT_VERSION = 1;
				DEVELOPMENT_TEAM = W4M36TD2NS;
				GENERATE_INFOPLIST_FILE = YES;
				IPHONEOS_DEPLOYMENT_TARGET = 18.4;
				MARKETING_VERSION = 1.0;
				PRODUCT_BUNDLE_IDENTIFIER = "yukina.reptitrack-appTests";
				PRODUCT_NAME = "$(TARGET_NAME)";
				SWIFT_EMIT_LOC_STRINGS = NO;
				SWIFT_VERSION = 5.0;
				TARGETED_DEVICE_FAMILY = "1,2";
				TEST_HOST = "$(BUILT_PRODUCTS_DIR)/reptitrack_app.app/$(BUNDLE_EXECUTABLE_FOLDER_PATH)/reptitrack_app";
			};
			name = Debug;
		};
		45F40A592DAB7B9200AB8310 /* Release */ = {
			isa = XCBuildConfiguration;
			buildSettings = {
				BUNDLE_LOADER = "$(TEST_HOST)";
				CODE_SIGN_STYLE = Automatic;
				CURRENT_PROJECT_VERSION = 1;
				DEVELOPMENT_TEAM = W4M36TD2NS;
				GENERATE_INFOPLIST_FILE = YES;
				IPHONEOS_DEPLOYMENT_TARGET = 18.4;
				MARKETING_VERSION = 1.0;
				PRODUCT_BUNDLE_IDENTIFIER = "yukina.reptitrack-appTests";
				PRODUCT_NAME = "$(TARGET_NAME)";
				SWIFT_EMIT_LOC_STRINGS = NO;
				SWIFT_VERSION = 5.0;
				TARGETED_DEVICE_FAMILY = "1,2";
				TEST_HOST = "$(BUILT_PRODUCTS_DIR)/reptitrack_app.app/$(BUNDLE_EXECUTABLE_FOLDER_PATH)/reptitrack_app";
			};
			name = Release;
		};
		45F40A5B2DAB7B9200AB8310 /* Debug */ = {
			isa = XCBuildConfiguration;
			buildSettings = {
				CODE_SIGN_STYLE = Automatic;
				CURRENT_PROJECT_VERSION = 1;
				DEVELOPMENT_TEAM = W4M36TD2NS;
				GENERATE_INFOPLIST_FILE = YES;
				MARKETING_VERSION = 1.0;
				PRODUCT_BUNDLE_IDENTIFIER = "yukina.reptitrack-appUITests";
				PRODUCT_NAME = "$(TARGET_NAME)";
				SWIFT_EMIT_LOC_STRINGS = NO;
				SWIFT_VERSION = 5.0;
				TARGETED_DEVICE_FAMILY = "1,2";
				TEST_TARGET_NAME = reptitrack_app;
			};
			name = Debug;
		};
		45F40A5C2DAB7B9200AB8310 /* Release */ = {
			isa = XCBuildConfiguration;
			buildSettings = {
				CODE_SIGN_STYLE = Automatic;
				CURRENT_PROJECT_VERSION = 1;
				DEVELOPMENT_TEAM = W4M36TD2NS;
				GENERATE_INFOPLIST_FILE = YES;
				MARKETING_VERSION = 1.0;
				PRODUCT_BUNDLE_IDENTIFIER = "yukina.reptitrack-appUITests";
				PRODUCT_NAME = "$(TARGET_NAME)";
				SWIFT_EMIT_LOC_STRINGS = NO;
				SWIFT_VERSION = 5.0;
				TARGETED_DEVICE_FAMILY = "1,2";
				TEST_TARGET_NAME = reptitrack_app;
			};
			name = Release;
		};
/* End XCBuildConfiguration section */

/* Begin XCConfigurationList section */
		45F40A2E2DAB7B9100AB8310 /* Build configuration list for PBXProject "reptitrack_app" */ = {
			isa = XCConfigurationList;
			buildConfigurations = (
				45F40A522DAB7B9200AB8310 /* Debug */,
				45F40A532DAB7B9200AB8310 /* Release */,
			);
			defaultConfigurationIsVisible = 0;
			defaultConfigurationName = Release;
		};
		45F40A542DAB7B9200AB8310 /* Build configuration list for PBXNativeTarget "reptitrack_app" */ = {
			isa = XCConfigurationList;
			buildConfigurations = (
				45F40A552DAB7B9200AB8310 /* Debug */,
				45F40A562DAB7B9200AB8310 /* Release */,
			);
			defaultConfigurationIsVisible = 0;
			defaultConfigurationName = Release;
		};
		45F40A572DAB7B9200AB8310 /* Build configuration list for PBXNativeTarget "reptitrack_appTests" */ = {
			isa = XCConfigurationList;
			buildConfigurations = (
				45F40A582DAB7B9200AB8310 /* Debug */,
				45F40A592DAB7B9200AB8310 /* Release */,
			);
			defaultConfigurationIsVisible = 0;
			defaultConfigurationName = Release;
		};
		45F40A5A2DAB7B9200AB8310 /* Build configuration list for PBXNativeTarget "reptitrack_appUITests" */ = {
			isa = XCConfigurationList;
			buildConfigurations = (
				45F40A5B2DAB7B9200AB8310 /* Debug */,
				45F40A5C2DAB7B9200AB8310 /* Release */,
			);
			defaultConfigurationIsVisible = 0;
			defaultConfigurationName = Release;
		};
/* End XCConfigurationList section */
	};
	rootObject = 45F40A2B2DAB7B9100AB8310 /* Project object */;
}
